
Microsoft Visual Studio Solution File, Format Version 12.00
# Visual Studio Version 17
VisualStudioVersion = 17.11.35219.272
MinimumVisualStudioVersion = 10.0.40219.1
Project("{9A19103F-16F7-4668-BE54-9A1E7A4F7556}") = "ListViewExtensions", "ListViewExtensions\ListViewExtensions.csproj", "{F4182509-8E12-438F-A9A1-E57DFE969867}"
EndProject
Project("{FAE04EC0-301F-11D3-BF4B-00C04F79EFBC}") = "Sample", "Sample\Sample.csproj", "{A832BBC9-85A0-4456-B89A-E4EDC052A601}"
EndProject
Global
	GlobalSection(SolutionConfigurationPlatforms) = preSolution
		Debug|Any CPU = Debug|Any CPU
		Release|Any CPU = Release|Any CPU
	EndGlobalSection
	GlobalSection(ProjectConfigurationPlatforms) = postSolution
		{F4182509-8E12-438F-A9A1-E57DFE969867}.Debug|Any CPU.ActiveCfg = Debug|Any CPU
		{F4182509-8E12-438F-A9A1-E57DFE969867}.Debug|Any CPU.Build.0 = Debug|Any CPU
		{F4182509-8E12-438F-A9A1-E57DFE969867}.Release|Any CPU.ActiveCfg = Release|Any CPU
		{F4182509-8E12-438F-A9A1-E57DFE969867}.Release|Any CPU.Build.0 = Release|Any CPU
		{A832BBC9-85A0-4456-B89A-E4EDC052A601}.Debug|Any CPU.ActiveCfg = Debug|Any CPU
		{A832BBC9-85A0-4456-B89A-E4EDC052A601}.Debug|Any CPU.Build.0 = Debug|Any CPU
		{A832BBC9-85A0-4456-B89A-E4EDC052A601}.Release|Any CPU.ActiveCfg = Release|Any CPU
		{A832BBC9-85A0-4456-B89A-E4EDC052A601}.Release|Any CPU.Build.0 = Release|Any CPU
	EndGlobalSection
	GlobalSection(SolutionProperties) = preSolution
		HideSolutionNode = FALSE
	EndGlobalSection
	GlobalSection(ExtensibilityGlobals) = postSolution
		SolutionGuid = {357C3BC4-5AF3-48B3-B51A-914AA59E530A}
	EndGlobalSection
EndGlobal
